# This file is autogenerated, do not edit; changes may be undone by the next 'dep ensure'.


[[projects]]
  digest = "1:1e6dcf686b5cd716040222d5cff80dd65dd42fdbfc37f8cd68cf9934b03825dc"
  name = "github.com/abbot/go-http-auth"
  packages = ["."]
  pruneopts = "NUT"
  revision = "0ddd408d5d60ea76e320503cc7dd091992dee608"
  version = "v0.4.0"

[[projects]]
  digest = "1:f7e6fd21a27a13da641f31872d070599783b44052015469519bfecf95ae39a3c"
  name = "github.com/aws/aws-sdk-go"
  packages = [
    "aws",
    "aws/awserr",
    "aws/awsutil",
    "aws/client",
    "aws/client/metadata",
    "aws/corehandlers",
    "aws/credentials",
    "aws/credentials/ec2rolecreds",
    "aws/credentials/endpointcreds",
    "aws/credentials/stscreds",
    "aws/defaults",
    "aws/ec2metadata",
    "aws/endpoints",
    "aws/request",
    "aws/session",
    "aws/signer/v4",
    "awstesting/mock",
    "internal/sdkio",
    "internal/sdkrand",
    "internal/shareddefaults",
    "private/protocol",
    "private/protocol/json/jsonutil",
    "private/protocol/jsonrpc",
    "private/protocol/query",
    "private/protocol/query/queryutil",
    "private/protocol/rest",
    "private/protocol/restxml",
    "private/protocol/xml/xmlutil",
    "service/cloudformation",
    "service/cloudformation/cloudformationiface",
    "service/dynamodb",
    "service/dynamodb/dynamodbattribute",
    "service/dynamodb/expression",
    "service/iam",
    "service/iam/iamiface",
    "service/s3",
    "service/s3/s3iface",
    "service/ssm",
    "service/ssm/ssmiface",
    "service/sts",
    "service/sts/stsiface",
  ]
  pruneopts = "NUT"
  revision = "827e7eac8c2680d5bdea7bc3ef29c596eabe1eae"
  version = "v1.13.59"

[[projects]]
  branch = "master"
  digest = "1:707ebe952a8b3d00b343c01536c79c73771d100f63ec6babeaed5c79e2b8a8dd"
  name = "github.com/beorn7/perks"
  packages = ["quantile"]
  pruneopts = "NUT"
  revision = "3a771d992973f24aa725d07868b467d1ddfceafb"

[[projects]]
  digest = "1:a2c1d0e43bd3baaa071d1b9ed72c27d78169b2b269f71c105ac4ba34b1be4a39"
  name = "github.com/davecgh/go-spew"
  packages = ["spew"]
  pruneopts = "NUT"
  revision = "346938d642f2ec3594ed81d874461961cd0faa76"
  version = "v1.1.0"

[[projects]]
  digest = "1:ea1d5bfdb4ec5c2ee48c97865e6de1a28fa8c4849a3f56b27d521aa619038e06"
  name = "github.com/go-errors/errors"
  packages = ["."]
  pruneopts = "NUT"
  revision = "a6af135bd4e28680facf08a3d206b454abc877a4"
  version = "v1.0.1"

[[projects]]
  digest = "1:30b09d75e7e16119e85020374df10ea06f263c9bdff72afdc1522838b9609375"
  name = "github.com/go-ini/ini"
  packages = ["."]
  pruneopts = "NUT"
  revision = "06f5f3d67269ccec1fe5fe4134ba6e982984f7f5"
  version = "v1.37.0"

[[projects]]
  branch = "master"
  digest = "1:e2b86e41f3d669fc36b50d31d32d22c8ac656c75aa5ea89717ce7177e134ff2a"
  name = "github.com/golang/glog"
  packages = ["."]
  pruneopts = "NUT"
  revision = "23def4e6c14b4da8ac2ed8007337bc5eb5007998"

[[projects]]
  digest = "1:15042ad3498153684d09f393bbaec6b216c8eec6d61f63dff711de7d64ed8861"
  name = "github.com/golang/protobuf"
  packages = ["proto"]
  pruneopts = "NUT"
  revision = "b4deda0973fb4c70b50d226b1af49f3da59f5265"
  version = "v1.1.0"

[[projects]]
  digest = "1:c01767916c59f084bb7c41a7d5877c0f3099b1595cfa066e84ec6ad6b084dd89"
  name = "github.com/gorilla/context"
  packages = ["."]
  pruneopts = "NUT"
  revision = "08b5f424b9271eedf6f9f0ce86cb9396ed337a42"
  version = "v1.1.1"

[[projects]]
  digest = "1:bf5cf1d53d703332e9bd8984c69784645b73a938317bf5ace9aadf20ac49379a"
  name = "github.com/gorilla/mux"
  packages = ["."]
  pruneopts = "NUT"
  revision = "e3702bed27f0d39777b0b37b664b6280e8ef8fbf"
  version = "v1.6.2"

[[projects]]
  branch = "basic_auth"
  digest = "1:885df53a66a05d62b81d4b47c800dc5caa13ca1807911973453ea62bafff906b"
  name = "github.com/jaymccon/osb-broker-lib"
  packages = ["pkg/server"]
  pruneopts = "NUT"
  revision = "18f3aa144f1880846501710964f645fdbcc534b5"

[[projects]]
  digest = "1:ac6d01547ec4f7f673311b4663909269bfb8249952de3279799289467837c3cc"
  name = "github.com/jmespath/go-jmespath"
  packages = ["."]
  pruneopts = "NUT"
  revision = "0b12d6b5"

[[projects]]
  branch = "master"
  digest = "1:b6deb8ddf8ff41feac3e094cb7c21b26a49c9a19d649d72569f70fcac5cfa1e9"
  name = "github.com/koding/cache"
  packages = ["."]
  pruneopts = "NUT"
  revision = "e8a81b0b3f20f895153311abde1062894b5912d6"

[[projects]]
  digest = "1:5985ef4caf91ece5d54817c11ea25f182697534f8ae6521eadcd628c142ac4b6"
  name = "github.com/matttproud/golang_protobuf_extensions"
  packages = ["pbutil"]
  pruneopts = "NUT"
  revision = "c12348ce28de40eed0136aa2b644d0ee0650e56c"
  version = "v1.0.1"

[[projects]]
  digest = "1:0028cb19b2e4c3112225cd871870f2d9cf49b9b4276531f03438a88e94be86fe"
  name = "github.com/pmezard/go-difflib"
  packages = ["difflib"]
  pruneopts = "NUT"
  revision = "792786c7400a136282c1664665ae0a8db921c6c2"
  version = "v1.0.0"

[[projects]]
  digest = "1:8658f775ba5edb37ede96d8ec9eaecdfe06bc4aef1776152070185e6513dc0cc"
  name = "github.com/pmorie/go-open-service-broker-client"
  packages = ["v2"]
  pruneopts = "NUT"
  revision = "dca737037ce636eb282e84e3a1c7479c9692e884"
  version = "0.0.10"

[[projects]]
  branch = "master"
  digest = "1:1be0fb195e6cbaf2b37935edbb8305db674d37b2d518e2372a74b120f6b24e5c"
  name = "github.com/pmorie/osb-broker-lib"
  packages = [
    "pkg/broker",
    "pkg/metrics",
    "pkg/rest",
  ]
  pruneopts = "NUT"
  revision = "87d71cfbf3427836e5623f1e3843a466348b7be6"

[[projects]]
  digest = "1:03bca087b180bf24c4f9060775f137775550a0834e18f0bca0520a868679dbd7"
  name = "github.com/prometheus/client_golang"
  packages = [
    "prometheus",
    "prometheus/promhttp",
  ]
  pruneopts = "NUT"
  revision = "c5b7fccd204277076155f10851dad72b76a49317"
  version = "v0.8.0"

[[projects]]
  branch = "master"
  digest = "1:32d10bdfa8f09ecf13598324dba86ab891f11db3c538b6a34d1c3b5b99d7c36b"
  name = "github.com/prometheus/client_model"
  packages = ["go"]
  pruneopts = "NUT"
  revision = "99fa1f4be8e564e8a6b613da7fa6f46c9edafc6c"

[[projects]]
  branch = "master"
  digest = "1:768b555b86742de2f28beb37f1dedce9a75f91f871d75b5717c96399c1a78c08"
  name = "github.com/prometheus/common"
  packages = [
    "expfmt",
    "internal/bitbucket.org/ww/goautoneg",
    "model",
  ]
  pruneopts = "NUT"
  revision = "7600349dcfe1abd18d72d3a1770870d9800a7801"

[[projects]]
  branch = "master"
  digest = "1:c4a213a8d73fbb0b13f717ba7996116602ef18ecb42b91d77405877914cb0349"
  name = "github.com/prometheus/procfs"
  packages = [
    ".",
    "internal/util",
    "nfs",
    "xfs",
  ]
  pruneopts = "NUT"
  revision = "61aaa706c6d4fda9365b6273c96839eb7e27f6e4"

[[projects]]
  digest = "1:6bc0652ea6e39e22ccd522458b8bdd8665bf23bdc5a20eec90056e4dc7e273ca"
  name = "github.com/satori/go.uuid"
  packages = ["."]
  pruneopts = "NUT"
  revision = "f58768cc1a7a7e77a3bd49e98cdd21419399b6a3"
  version = "v1.2.0"

[[projects]]
  digest = "1:bacb8b590716ab7c33f2277240972c9582d389593ee8d66fc10074e0508b8126"
  name = "github.com/stretchr/testify"
  packages = ["assert"]
  pruneopts = "NUT"
  revision = "f35b8ab0b5a2cef36673838d662e249dd9c94686"
  version = "v1.2.2"

[[projects]]
  branch = "master"
  digest = "1:1ecf2a49df33be51e757d0033d5d51d5f784f35f68e5a38f797b2d3f03357d71"
  name = "golang.org/x/crypto"
  packages = [
    "bcrypt",
    "blowfish",
  ]
  pruneopts = "NUT"
  revision = "de0752318171da717af4ce24d0a2e8626afaeb11"

[[projects]]
  branch = "master"
  digest = "1:76ee51c3f468493aff39dbacc401e8831fbb765104cbf613b89bef01cf4bad70"
  name = "golang.org/x/net"
  packages = ["context"]
  pruneopts = "NUT"
  revision = "c39426892332e1bb5ec0a434a079bf82f5d30c54"

[[projects]]
  branch = "v2"
  digest = "1:d9da6023ef4c1c8630db15fedcf8e71d4e18e21a83f81c53dfd8ba664509a63e"
  name = "gopkg.in/mgo.v2"
  packages = [
    ".",
    "bson",
    "internal/json",
    "internal/sasl",
    "internal/scram",
  ]
  pruneopts = "NUT"
  revision = "3f83fa5005286a7fe593b055f0d7771a7dce4655"

[[projects]]
  digest = "1:7c95b35057a0ff2e19f707173cc1a947fa43a6eb5c4d300d196ece0334046082"
  name = "gopkg.in/yaml.v2"
  packages = ["."]
  pruneopts = "NUT"
  revision = "5420a8b6744d3b0345ab293f6fcba19c978f1183"
  version = "v2.2.1"

[solve-meta]
  analyzer-name = "dep"
  analyzer-version = 1
  input-imports = [
    "github.com/aws/aws-sdk-go/aws",
    "github.com/aws/aws-sdk-go/aws/awserr",
    "github.com/aws/aws-sdk-go/aws/credentials",
    "github.com/aws/aws-sdk-go/aws/credentials/ec2rolecreds",
    "github.com/aws/aws-sdk-go/aws/credentials/stscreds",
    "github.com/aws/aws-sdk-go/aws/ec2metadata",
    "github.com/aws/aws-sdk-go/aws/request",
    "github.com/aws/aws-sdk-go/aws/session",
    "github.com/aws/aws-sdk-go/awstesting/mock",
    "github.com/aws/aws-sdk-go/service/cloudformation",
    "github.com/aws/aws-sdk-go/service/cloudformation/cloudformationiface",
    "github.com/aws/aws-sdk-go/service/dynamodb",
    "github.com/aws/aws-sdk-go/service/dynamodb/dynamodbattribute",
    "github.com/aws/aws-sdk-go/service/dynamodb/expression",
    "github.com/aws/aws-sdk-go/service/iam",
    "github.com/aws/aws-sdk-go/service/iam/iamiface",
    "github.com/aws/aws-sdk-go/service/s3",
    "github.com/aws/aws-sdk-go/service/s3/s3iface",
    "github.com/aws/aws-sdk-go/service/ssm",
    "github.com/aws/aws-sdk-go/service/ssm/ssmiface",
    "github.com/aws/aws-sdk-go/service/sts",
    "github.com/aws/aws-sdk-go/service/sts/stsiface",
    "github.com/go-errors/errors",
    "github.com/golang/glog",
    "github.com/jaymccon/osb-broker-lib/pkg/server",
    "github.com/koding/cache",
    "github.com/pmorie/go-open-service-broker-client/v2",
    "github.com/pmorie/osb-broker-lib/pkg/broker",
    "github.com/pmorie/osb-broker-lib/pkg/metrics",
    "github.com/pmorie/osb-broker-lib/pkg/rest",
    "github.com/prometheus/client_golang/prometheus",
    "github.com/satori/go.uuid",
    "github.com/stretchr/testify/assert",
    "gopkg.in/yaml.v2",
  ]
  solver-name = "gps-cdcl"
  solver-version = 1
